
Microsoft Visual Studio Solution File, Format Version 12.00
# Visual Studio 15
VisualStudioVersion = 15.0.34526.175
MinimumVisualStudioVersion = 10.0.40219.1
Project("{FAE04EC0-301F-11D3-BF4B-00C04F79EFBC}") = "aula_01", "aula_01\aula_01.csproj", "{B7D4E2DF-8C1B-4E03-9089-67B78C4B987E}"
EndProject
Global
	GlobalSection(SolutionConfigurationPlatforms) = preSolution
		Debug|Any CPU = Debug|Any CPU
		Release|Any CPU = Release|Any CPU
	EndGlobalSection
	GlobalSection(ProjectConfigurationPlatforms) = postSolution
		{B7D4E2DF-8C1B-4E03-9089-67B78C4B987E}.Debug|Any CPU.ActiveCfg = Debug|Any CPU
		{B7D4E2DF-8C1B-4E03-9089-67B78C4B987E}.Debug|Any CPU.Build.0 = Debug|Any CPU
		{B7D4E2DF-8C1B-4E03-9089-67B78C4B987E}.Release|Any CPU.ActiveCfg = Release|Any CPU
		{B7D4E2DF-8C1B-4E03-9089-67B78C4B987E}.Release|Any CPU.Build.0 = Release|Any CPU
	EndGlobalSection
	GlobalSection(SolutionProperties) = preSolution
		HideSolutionNode = FALSE
	EndGlobalSection
	GlobalSection(ExtensibilityGlobals) = postSolution
		SolutionGuid = {568DA1FD-8BA1-41F7-8922-14AC193A31F1}
	EndGlobalSection
EndGlobal
